<?xml version="1.0" encoding="utf-8"?>
<Project ToolsVersion="4.0" xmlns="http://schemas.microsoft.com/developer/msbuild/2003">
  <ItemGroup>
    <Filter Include="Core">
      <UniqueIdentifier>{4FC737F1-C7A5-4376-A066-2A32D752A2FF}</UniqueIdentifier>
      <Extensions>cpp;c;cc;cxx;def;odl;idl;hpj;bat;asm;asmx</Extensions>
    </Filter>
    <Filter Include="Modules">
      <UniqueIdentifier>{93995380-89BD-4b04-88EB-625FBE52EBFB}</UniqueIdentifier>
      <Extensions>h;hh;hpp;hxx;hm;inl;inc;xsd</Extensions>
    </Filter>
    <Filter Include="Containers">
      <UniqueIdentifier>{78a7f487-1d77-4fdc-9f51-f067eccd6239}</UniqueIdentifier>
    </Filter>
    <Filter Include="Modules\Players">
      <UniqueIdentifier>{7a763e4e-3997-49a4-b391-ea87585aeade}</UniqueIdentifier>
    </Filter>
    <Filter Include="Modules\Stages">
      <UniqueIdentifier>{a74cbfc0-5f2f-443e-8f2b-c13e17c4bf6e}</UniqueIdentifier>
    </Filter>
    <Filter Include="Modules\Intro Modules">
      <UniqueIdentifier>{313eb6e5-ebdf-43a0-9e10-a25105522afc}</UniqueIdentifier>
    </Filter>
    <Filter Include="Modules\Input">
      <UniqueIdentifier>{50823f2c-deb0-4997-a377-1e8aaadf85ca}</UniqueIdentifier>
    </Filter>
  </ItemGroup>
  <ItemGroup>
    <ClInclude Include="Module.h">
      <Filter>Modules</Filter>
    </ClInclude>
    <ClInclude Include="ModuleWindow.h">
      <Filter>Modules</Filter>
    </ClInclude>
    <ClInclude Include="MemLeaks.h">
      <Filter>Core</Filter>
    </ClInclude>
    <ClInclude Include="Globals.h">
      <Filter>Core</Filter>
    </ClInclude>
    <ClInclude Include="Application.h">
      <Filter>Core</Filter>
    </ClInclude>
    <ClInclude Include="ModuleRender.h">
      <Filter>Modules</Filter>
    </ClInclude>
    <ClInclude Include="ModuleTextures.h">
      <Filter>Modules</Filter>
    </ClInclude>
    <ClInclude Include="p2Point.h">
      <Filter>Containers</Filter>
    </ClInclude>
    <ClInclude Include="Animation.h">
      <Filter>Containers</Filter>
    </ClInclude>
    <ClInclude Include="ModuleFadeToBlack.h">
      <Filter>Modules</Filter>
    </ClInclude>
    <ClInclude Include="ModuleParticles.h">
      <Filter>Modules</Filter>
    </ClInclude>
    <ClInclude Include="ModuleSounds.h">
      <Filter>Modules</Filter>
    </ClInclude>
    <ClInclude Include="ModuleCollision.h">
      <Filter>Modules</Filter>
    </ClInclude>
    <ClInclude Include="ModuleHUD.h">
      <Filter>Modules</Filter>
    </ClInclude>
    <ClInclude Include="ModulePlayer.h">
      <Filter>Modules\Players</Filter>
    </ClInclude>
    <ClInclude Include="ModuleEnemy.h">
      <Filter>Modules\Players</Filter>
    </ClInclude>
    <ClInclude Include="ModulePaoPao.h">
      <Filter>Modules\Stages</Filter>
    </ClInclude>
    <ClInclude Include="ModuleIntro.h">
      <Filter>Modules\Intro Modules</Filter>
    </ClInclude>
    <ClInclude Include="ModulePlayerSelect.h">
      <Filter>Modules\Intro Modules</Filter>
    </ClInclude>
    <ClInclude Include="ModuleSoundBeach.h">
      <Filter>Modules\Stages</Filter>
    </ClInclude>
    <ClInclude Include="ModuleInput.h">
      <Filter>Modules\Input</Filter>
    </ClInclude>
    <ClInclude Include="ModuleController.h">
      <Filter>Modules\Input</Filter>
    </ClInclude>
  </ItemGroup>
  <ItemGroup>
    <ClCompile Include="Main.cpp">
      <Filter>Core</Filter>
    </ClCompile>
    <ClCompile Include="Application.cpp">
      <Filter>Core</Filter>
    </ClCompile>
    <ClCompile Include="ModuleWindow.cpp">
      <Filter>Modules</Filter>
    </ClCompile>
    <ClCompile Include="ModuleRender.cpp">
      <Filter>Modules</Filter>
    </ClCompile>
    <ClCompile Include="ModuleTextures.cpp">
      <Filter>Modules</Filter>
    </ClCompile>
    <ClCompile Include="Globals.cpp">
      <Filter>Core</Filter>
    </ClCompile>
    <ClCompile Include="ModuleFadeToBlack.cpp">
      <Filter>Modules</Filter>
    </ClCompile>
    <ClCompile Include="ModuleParticles.cpp">
      <Filter>Modules</Filter>
    </ClCompile>
    <ClCompile Include="ModuleSounds.cpp">
      <Filter>Modules</Filter>
    </ClCompile>
    <ClCompile Include="ModuleCollision.cpp">
      <Filter>Modules</Filter>
    </ClCompile>
    <ClCompile Include="ModuleHUD.cpp">
      <Filter>Modules</Filter>
    </ClCompile>
    <ClCompile Include="ModulePlayer.cpp">
      <Filter>Modules\Players</Filter>
    </ClCompile>
    <ClCompile Include="ModuleEnemy.cpp">
      <Filter>Modules\Players</Filter>
    </ClCompile>
    <ClCompile Include="ModulePaoPao.cpp">
      <Filter>Modules\Stages</Filter>
    </ClCompile>
    <ClCompile Include="ModuleIntro.cpp">
      <Filter>Modules\Intro Modules</Filter>
    </ClCompile>
    <ClCompile Include="ModulePlayerSelect.cpp">
      <Filter>Modules\Intro Modules</Filter>
    </ClCompile>
    <ClCompile Include="ModuleSoundBeach.cpp">
      <Filter>Modules\Stages</Filter>
    </ClCompile>
    <ClCompile Include="ModuleInput.cpp">
      <Filter>Modules\Input</Filter>
    </ClCompile>
    <ClCompile Include="ModuleController.cpp">
      <Filter>Modules\Input</Filter>
    </ClCompile>
  </ItemGroup>
</Project>